
Microsoft Visual Studio Solution File, Format Version 12.00
# Visual Studio Version 17
VisualStudioVersion = 17.2.32616.157
MinimumVisualStudioVersion = 10.0.40219.1
Project("{8BC9CEB8-8B4A-11D0-8D11-00A0C91BC942}") = "cl_dll", "cl_dll.vcxproj", "{20609B09-6421-4D5F-B366-278C64EDC5BD}"
EndProject
Project("{8BC9CEB8-8B4A-11D0-8D11-00A0C91BC942}") = "hl", "hl.vcxproj", "{926A20B3-B71A-4117-B12B-5A98CA3695F2}"
EndProject
Project("{8BC9CEB8-8B4A-11D0-8D11-00A0C91BC942}") = "hl_res", "hl_res.vcxproj", "{CF1EE61E-5CBA-4C33-9D15-9818757C0C76}"
EndProject
Project("{8BC9CEB8-8B4A-11D0-8D11-00A0C91BC942}") = "hw", "hw.vcxproj", "{A22EFAAB-7EBB-40FB-8664-C7282D1DEEE2}"
	ProjectSection(ProjectDependencies) = postProject
		{8BDE2D51-1B16-40C6-8E63-9D920A79F287} = {8BDE2D51-1B16-40C6-8E63-9D920A79F287}
	EndProjectSection
EndProject
Project("{8BC9CEB8-8B4A-11D0-8D11-00A0C91BC942}") = "sw", "sw.vcxproj", "{E5F14980-BB8A-4A73-B8F3-3814C0E3209A}"
	ProjectSection(ProjectDependencies) = postProject
		{8BDE2D51-1B16-40C6-8E63-9D920A79F287} = {8BDE2D51-1B16-40C6-8E63-9D920A79F287}
	EndProjectSection
EndProject
Project("{2150E333-8FDC-42A3-9474-1A3956D46DE8}") = "Solution Items", "Solution Items", "{E5077019-3759-4E68-B5EB-3EB6F96CEFF9}"
	ProjectSection(SolutionItems) = preProject
		..\..\.editorconfig = ..\..\.editorconfig
	EndProjectSection
EndProject
Project("{8BC9CEB8-8B4A-11D0-8D11-00A0C91BC942}") = "a3dwrapper", "a3dwrapper.vcxproj", "{8BDE2D51-1B16-40C6-8E63-9D920A79F287}"
EndProject
Global
	GlobalSection(SolutionConfigurationPlatforms) = preSolution
		Debug - Address Sanitizer|Win32 = Debug - Address Sanitizer|Win32
		Debug|Win32 = Debug|Win32
		Release|Win32 = Release|Win32
	EndGlobalSection
	GlobalSection(ProjectConfigurationPlatforms) = postSolution
		{20609B09-6421-4D5F-B366-278C64EDC5BD}.Debug - Address Sanitizer|Win32.ActiveCfg = Debug - Address Sanitizer|Win32
		{20609B09-6421-4D5F-B366-278C64EDC5BD}.Debug - Address Sanitizer|Win32.Build.0 = Debug - Address Sanitizer|Win32
		{20609B09-6421-4D5F-B366-278C64EDC5BD}.Debug|Win32.ActiveCfg = Debug|Win32
		{20609B09-6421-4D5F-B366-278C64EDC5BD}.Debug|Win32.Build.0 = Debug|Win32
		{20609B09-6421-4D5F-B366-278C64EDC5BD}.Release|Win32.ActiveCfg = Release|Win32
		{20609B09-6421-4D5F-B366-278C64EDC5BD}.Release|Win32.Build.0 = Release|Win32
		{926A20B3-B71A-4117-B12B-5A98CA3695F2}.Debug - Address Sanitizer|Win32.ActiveCfg = Debug - Address Sanitizer|Win32
		{926A20B3-B71A-4117-B12B-5A98CA3695F2}.Debug - Address Sanitizer|Win32.Build.0 = Debug - Address Sanitizer|Win32
		{926A20B3-B71A-4117-B12B-5A98CA3695F2}.Debug|Win32.ActiveCfg = Debug|Win32
		{926A20B3-B71A-4117-B12B-5A98CA3695F2}.Debug|Win32.Build.0 = Debug|Win32
		{926A20B3-B71A-4117-B12B-5A98CA3695F2}.Release|Win32.ActiveCfg = Release|Win32
		{926A20B3-B71A-4117-B12B-5A98CA3695F2}.Release|Win32.Build.0 = Release|Win32
		{CF1EE61E-5CBA-4C33-9D15-9818757C0C76}.Debug - Address Sanitizer|Win32.ActiveCfg = Debug - Address Sanitizer|Win32
		{CF1EE61E-5CBA-4C33-9D15-9818757C0C76}.Debug - Address Sanitizer|Win32.Build.0 = Debug - Address Sanitizer|Win32
		{CF1EE61E-5CBA-4C33-9D15-9818757C0C76}.Debug|Win32.ActiveCfg = Debug|Win32
		{CF1EE61E-5CBA-4C33-9D15-9818757C0C76}.Debug|Win32.Build.0 = Debug|Win32
		{CF1EE61E-5CBA-4C33-9D15-9818757C0C76}.Release|Win32.ActiveCfg = Release|Win32
		{CF1EE61E-5CBA-4C33-9D15-9818757C0C76}.Release|Win32.Build.0 = Release|Win32
		{A22EFAAB-7EBB-40FB-8664-C7282D1DEEE2}.Debug - Address Sanitizer|Win32.ActiveCfg = Debug - Address Sanitizer|Win32
		{A22EFAAB-7EBB-40FB-8664-C7282D1DEEE2}.Debug - Address Sanitizer|Win32.Build.0 = Debug - Address Sanitizer|Win32
		{A22EFAAB-7EBB-40FB-8664-C7282D1DEEE2}.Debug|Win32.ActiveCfg = Debug|Win32
		{A22EFAAB-7EBB-40FB-8664-C7282D1DEEE2}.Debug|Win32.Build.0 = Debug|Win32
		{A22EFAAB-7EBB-40FB-8664-C7282D1DEEE2}.Release|Win32.ActiveCfg = Release|Win32
		{A22EFAAB-7EBB-40FB-8664-C7282D1DEEE2}.Release|Win32.Build.0 = Release|Win32
		{E5F14980-BB8A-4A73-B8F3-3814C0E3209A}.Debug - Address Sanitizer|Win32.ActiveCfg = Debug - Address Sanitizer|Win32
		{E5F14980-BB8A-4A73-B8F3-3814C0E3209A}.Debug - Address Sanitizer|Win32.Build.0 = Debug - Address Sanitizer|Win32
		{E5F14980-BB8A-4A73-B8F3-3814C0E3209A}.Debug|Win32.ActiveCfg = Debug|Win32
		{E5F14980-BB8A-4A73-B8F3-3814C0E3209A}.Debug|Win32.Build.0 = Debug|Win32
		{E5F14980-BB8A-4A73-B8F3-3814C0E3209A}.Release|Win32.ActiveCfg = Release|Win32
		{E5F14980-BB8A-4A73-B8F3-3814C0E3209A}.Release|Win32.Build.0 = Release|Win32
		{8BDE2D51-1B16-40C6-8E63-9D920A79F287}.Debug - Address Sanitizer|Win32.ActiveCfg = Debug|Win32
		{8BDE2D51-1B16-40C6-8E63-9D920A79F287}.Debug - Address Sanitizer|Win32.Build.0 = Debug|Win32
		{8BDE2D51-1B16-40C6-8E63-9D920A79F287}.Debug|Win32.ActiveCfg = Debug|Win32
		{8BDE2D51-1B16-40C6-8E63-9D920A79F287}.Debug|Win32.Build.0 = Debug|Win32
		{8BDE2D51-1B16-40C6-8E63-9D920A79F287}.Release|Win32.ActiveCfg = Release|Win32
		{8BDE2D51-1B16-40C6-8E63-9D920A79F287}.Release|Win32.Build.0 = Release|Win32
	EndGlobalSection
	GlobalSection(SolutionProperties) = preSolution
		HideSolutionNode = FALSE
	EndGlobalSection
	GlobalSection(ExtensibilityGlobals) = postSolution
		SolutionGuid = {84E23B07-9C00-4737-89C3-8DDE94F3E82E}
	EndGlobalSection
EndGlobal
