<?xml version="1.0" encoding="utf-8"?>
<Project ToolsVersion="4.0" xmlns="http://schemas.microsoft.com/developer/msbuild/2003">
  <ItemGroup>
    <Filter Include="Header Files">
      <UniqueIdentifier>{b534ae65-7765-4630-9475-f8c5c59fd000}</UniqueIdentifier>
    </Filter>
    <Filter Include="Header Files\common">
      <UniqueIdentifier>{77098599-789f-43af-91d2-f8f47dc6a2d3}</UniqueIdentifier>
    </Filter>
    <Filter Include="Resource Files">
      <UniqueIdentifier>{b101087d-ee06-4850-9a36-6dd77b6d0521}</UniqueIdentifier>
    </Filter>
    <Filter Include="Source Files">
      <UniqueIdentifier>{ca792dbb-510a-4763-b477-7d8fffafca41}</UniqueIdentifier>
    </Filter>
  </ItemGroup>
  <ItemGroup>
    <ClInclude Include="..\..\engine\anorm_dots.h">
      <Filter>Header Files</Filter>
    </ClInclude>
    <ClInclude Include="..\..\engine\anorms.h">
      <Filter>Header Files</Filter>
    </ClInclude>
    <ClInclude Include="..\..\engine\cvar.h">
      <Filter>Header Files</Filter>
    </ClInclude>
    <ClInclude Include="..\..\engine\common.h">
      <Filter>Header Files</Filter>
    </ClInclude>
    <ClInclude Include="..\..\engine\winquake.h">
      <Filter>Header Files</Filter>
    </ClInclude>
    <ClInclude Include="..\..\engine\sys.h">
      <Filter>Header Files</Filter>
    </ClInclude>
    <ClInclude Include="..\..\engine\server.h">
      <Filter>Header Files</Filter>
    </ClInclude>
    <ClInclude Include="..\..\common\dll_state.h">
      <Filter>Header Files\common</Filter>
    </ClInclude>
    <ClInclude Include="..\..\engine\quakedef.h">
      <Filter>Header Files</Filter>
    </ClInclude>
    <ClInclude Include="..\..\common\exefuncs.h">
      <Filter>Header Files\common</Filter>
    </ClInclude>
    <ClInclude Include="..\..\engine\vid.h">
      <Filter>Header Files</Filter>
    </ClInclude>
    <ClInclude Include="..\..\engine\vmodes.h">
      <Filter>Header Files</Filter>
    </ClInclude>
    <ClInclude Include="..\..\common\platform.h">
      <Filter>Header Files\common</Filter>
    </ClInclude>
    <ClInclude Include="..\..\engine\net.h">
      <Filter>Header Files</Filter>
    </ClInclude>
    <ClInclude Include="..\..\engine\pr_dlls.h">
      <Filter>Header Files</Filter>
    </ClInclude>
    <ClInclude Include="..\..\engine\eiface.h">
      <Filter>Header Files</Filter>
    </ClInclude>
    <ClInclude Include="..\..\engine\custom.h">
      <Filter>Header Files</Filter>
    </ClInclude>
    <ClInclude Include="..\..\engine\mathlib.h">
      <Filter>Header Files</Filter>
    </ClInclude>
    <ClInclude Include="..\..\engine\progdefs.h">
      <Filter>Header Files</Filter>
    </ClInclude>
    <ClInclude Include="..\..\engine\zone.h">
      <Filter>Header Files</Filter>
    </ClInclude>
    <ClInclude Include="..\..\engine\screen.h">
      <Filter>Header Files</Filter>
    </ClInclude>
    <ClInclude Include="..\..\engine\cvardef.h">
      <Filter>Header Files</Filter>
    </ClInclude>
    <ClInclude Include="..\..\engine\cmd.h">
      <Filter>Header Files</Filter>
    </ClInclude>
    <ClInclude Include="..\..\engine\keys.h">
      <Filter>Header Files</Filter>
    </ClInclude>
    <ClInclude Include="..\..\engine\client.h">
      <Filter>Header Files</Filter>
    </ClInclude>
    <ClInclude Include="..\..\engine\studio.h">
      <Filter>Header Files</Filter>
    </ClInclude>
    <ClInclude Include="..\..\engine\protocol.h">
      <Filter>Header Files</Filter>
    </ClInclude>
    <ClInclude Include="..\..\engine\crc.h">
      <Filter>Header Files</Filter>
    </ClInclude>
    <ClInclude Include="..\..\engine\pr_cmds.h">
      <Filter>Header Files</Filter>
    </ClInclude>
    <ClInclude Include="..\..\engine\color.h">
      <Filter>Header Files</Filter>
    </ClInclude>
    <ClInclude Include="..\..\engine\draw.h">
      <Filter>Header Files</Filter>
    </ClInclude>
    <ClInclude Include="..\..\engine\wad.h">
      <Filter>Header Files</Filter>
    </ClInclude>
    <ClInclude Include="..\..\engine\r_local.h">
      <Filter>Header Files</Filter>
    </ClInclude>
    <ClInclude Include="..\..\engine\r_shared.h">
      <Filter>Header Files</Filter>
    </ClInclude>
    <ClInclude Include="..\..\engine\decal.h">
      <Filter>Header Files</Filter>
    </ClInclude>
    <ClInclude Include="..\..\common\qfont.h">
      <Filter>Header Files\common</Filter>
    </ClInclude>
    <ClInclude Include="..\..\engine\sound.h">
      <Filter>Header Files</Filter>
    </ClInclude>
    <ClInclude Include="..\..\engine\bothdefs.h">
      <Filter>Header Files</Filter>
    </ClInclude>
    <ClInclude Include="..\..\engine\input.h">
      <Filter>Header Files</Filter>
    </ClInclude>
    <ClInclude Include="..\..\engine\conproc.h">
      <Filter>Header Files</Filter>
    </ClInclude>
    <ClInclude Include="..\..\engine\profile.h">
      <Filter>Header Files</Filter>
    </ClInclude>
    <ClInclude Include="..\..\engine\wrect.h">
      <Filter>Header Files</Filter>
    </ClInclude>
    <ClInclude Include="..\..\engine\view.h">
      <Filter>Header Files</Filter>
    </ClInclude>
    <ClInclude Include="..\..\engine\cmodel.h">
      <Filter>Header Files</Filter>
    </ClInclude>
    <ClInclude Include="..\..\engine\sbar.h">
      <Filter>Header Files</Filter>
    </ClInclude>
    <ClInclude Include="..\..\engine\host_cmd.h">
      <Filter>Header Files</Filter>
    </ClInclude>
    <ClInclude Include="..\..\engine\modelgen.h">
      <Filter>Header Files</Filter>
    </ClInclude>
    <ClInclude Include="..\..\engine\cl_demo.h">
      <Filter>Header Files</Filter>
    </ClInclude>
    <ClInclude Include="..\..\engine\cl_draw.h">
      <Filter>Header Files</Filter>
    </ClInclude>
    <ClInclude Include="..\..\engine\pmove.h">
      <Filter>Header Files</Filter>
    </ClInclude>
    <ClInclude Include="..\..\engine\hashpak.h">
      <Filter>Header Files</Filter>
    </ClInclude>
    <ClInclude Include="..\..\engine\cl_tent.h">
      <Filter>Header Files</Filter>
    </ClInclude>
    <ClInclude Include="..\..\engine\spritegn.h">
      <Filter>Header Files</Filter>
    </ClInclude>
    <ClInclude Include="..\..\engine\textures.h">
      <Filter>Header Files</Filter>
    </ClInclude>
    <ClInclude Include="..\..\engine\tmessage.h">
      <Filter>Header Files</Filter>
    </ClInclude>
    <ClInclude Include="..\..\engine\cshift.h">
      <Filter>Header Files</Filter>
    </ClInclude>
    <ClInclude Include="..\..\engine\shake.h">
      <Filter>Header Files</Filter>
    </ClInclude>
    <ClInclude Include="..\..\engine\customentity.h">
      <Filter>Header Files</Filter>
    </ClInclude>
    <ClInclude Include="..\..\engine\const.h">
      <Filter>Header Files</Filter>
    </ClInclude>
    <ClInclude Include="..\..\engine\r_trans.h">
      <Filter>Header Files</Filter>
    </ClInclude>
    <ClInclude Include="..\..\engine\beamdef.h">
      <Filter>Header Files</Filter>
    </ClInclude>
    <ClInclude Include="..\..\engine\r_triangle.h">
      <Filter>Header Files</Filter>
    </ClInclude>
    <ClInclude Include="..\..\engine\pr_edict.h">
      <Filter>Header Files</Filter>
    </ClInclude>
    <ClInclude Include="..\..\engine\sv_proto.h">
      <Filter>Header Files</Filter>
    </ClInclude>
    <ClInclude Include="..\..\engine\save.h">
      <Filter>Header Files</Filter>
    </ClInclude>
    <ClInclude Include="..\..\common\clientid.h">
      <Filter>Header Files\common</Filter>
    </ClInclude>
    <ClInclude Include="..\..\engine\CONSOLE.H">
      <Filter>Header Files</Filter>
    </ClInclude>
    <ClInclude Include="..\..\common\r_efx.h">
      <Filter>Header Files\common</Filter>
    </ClInclude>
    <ClInclude Include="..\..\common\winsani_in.h">
      <Filter>Header Files\common</Filter>
    </ClInclude>
    <ClInclude Include="..\..\common\winsani_out.h">
      <Filter>Header Files\common</Filter>
    </ClInclude>
    <ClInclude Include="..\..\engine\snd_a3d.h">
      <Filter>Header Files</Filter>
    </ClInclude>
    <ClInclude Include="..\..\engine\bspfile.h">
      <Filter>Header Files</Filter>
    </ClInclude>
    <ClInclude Include="..\..\engine\cdll_int.h">
      <Filter>Header Files</Filter>
    </ClInclude>
    <ClInclude Include="..\..\engine\cl_servercache.h">
      <Filter>Header Files</Filter>
    </ClInclude>
    <ClInclude Include="..\..\engine\hud_handlers.h">
      <Filter>Header Files</Filter>
    </ClInclude>
    <ClInclude Include="..\..\engine\Progs.h">
      <Filter>Header Files</Filter>
    </ClInclude>
    <ClInclude Include="..\..\engine\r_studio.h">
      <Filter>Header Files</Filter>
    </ClInclude>
    <ClInclude Include="..\..\engine\render.h">
      <Filter>Header Files</Filter>
    </ClInclude>
    <ClInclude Include="..\..\engine\world.h">
      <Filter>Header Files</Filter>
    </ClInclude>
    <ClInclude Include="..\..\engine\model.h">
      <Filter>Header Files</Filter>
    </ClInclude>
    <ClInclude Include="..\..\engine\d_iface.h">
      <Filter>Header Files</Filter>
    </ClInclude>
    <ClInclude Include="..\..\engine\d_local.h">
      <Filter>Header Files</Filter>
    </ClInclude>
    <ClInclude Include="..\..\engine\water.h">
      <Filter>Header Files</Filter>
    </ClInclude>
    <ClInclude Include="..\..\engine\adivtab.h">
      <Filter>Header Files</Filter>
    </ClInclude>
  </ItemGroup>
  <ItemGroup>
    <ClCompile Include="..\..\engine\sys_win.c">
      <Filter>Source Files</Filter>
    </ClCompile>
    <ClCompile Include="..\..\engine\host.c">
      <Filter>Source Files</Filter>
    </ClCompile>
    <ClCompile Include="..\..\engine\common.c">
      <Filter>Source Files</Filter>
    </ClCompile>
    <ClCompile Include="..\..\engine\pr_cmds.c">
      <Filter>Source Files</Filter>
    </ClCompile>
    <ClCompile Include="..\..\engine\SND_WIN.C">
      <Filter>Source Files</Filter>
    </ClCompile>
    <ClCompile Include="..\..\engine\net_ws.c">
      <Filter>Source Files</Filter>
    </ClCompile>
    <ClCompile Include="..\..\engine\CONSOLE.C">
      <Filter>Source Files</Filter>
    </ClCompile>
    <ClCompile Include="..\..\engine\zone.c">
      <Filter>Source Files</Filter>
    </ClCompile>
    <ClCompile Include="..\..\engine\SCREEN.C">
      <Filter>Source Files</Filter>
    </ClCompile>
    <ClCompile Include="..\..\engine\cvar.c">
      <Filter>Source Files</Filter>
    </ClCompile>
    <ClCompile Include="..\..\engine\cmd.c">
      <Filter>Source Files</Filter>
    </ClCompile>
    <ClCompile Include="..\..\engine\KEYS.C">
      <Filter>Source Files</Filter>
    </ClCompile>
    <ClCompile Include="..\..\engine\CL_MAIN.C">
      <Filter>Source Files</Filter>
    </ClCompile>
    <ClCompile Include="..\..\engine\buildnum.c">
      <Filter>Source Files</Filter>
    </ClCompile>
    <ClCompile Include="..\..\engine\crc.c">
      <Filter>Source Files</Filter>
    </ClCompile>
    <ClCompile Include="..\..\engine\R_SURF.C">
      <Filter>Source Files</Filter>
    </ClCompile>
    <ClCompile Include="..\..\engine\CL_DEMO.C">
      <Filter>Source Files</Filter>
    </ClCompile>
    <ClCompile Include="..\..\engine\SND_DMA.C">
      <Filter>Source Files</Filter>
    </ClCompile>
    <ClCompile Include="..\..\engine\cdll_int.c">
      <Filter>Source Files</Filter>
    </ClCompile>
    <ClCompile Include="..\..\engine\in_win.c">
      <Filter>Source Files</Filter>
    </ClCompile>
    <ClCompile Include="..\..\engine\conproc.c">
      <Filter>Source Files</Filter>
    </ClCompile>
    <ClCompile Include="..\..\engine\host_cmd.c">
      <Filter>Source Files</Filter>
    </ClCompile>
    <ClCompile Include="..\..\engine\chase.c">
      <Filter>Source Files</Filter>
    </ClCompile>
    <ClCompile Include="..\..\engine\wad.c">
      <Filter>Source Files</Filter>
    </ClCompile>
    <ClCompile Include="..\..\engine\cmodel.c">
      <Filter>Source Files</Filter>
    </ClCompile>
    <ClCompile Include="..\..\engine\net_chan.c">
      <Filter>Source Files</Filter>
    </ClCompile>
    <ClCompile Include="..\..\engine\cl_ents.c">
      <Filter>Source Files</Filter>
    </ClCompile>
    <ClCompile Include="..\..\engine\cl_pred.c">
      <Filter>Source Files</Filter>
    </ClCompile>
    <ClCompile Include="..\..\engine\CL_PARSE.C">
      <Filter>Source Files</Filter>
    </ClCompile>
    <ClCompile Include="..\..\engine\HUD.c">
      <Filter>Source Files</Filter>
    </ClCompile>
    <ClCompile Include="..\..\engine\cl_draw.c">
      <Filter>Source Files</Filter>
    </ClCompile>
    <ClCompile Include="..\..\engine\pmove.c">
      <Filter>Source Files</Filter>
    </ClCompile>
    <ClCompile Include="..\..\engine\hashpak.c">
      <Filter>Source Files</Filter>
    </ClCompile>
    <ClCompile Include="..\..\engine\CL_TENT.C">
      <Filter>Source Files</Filter>
    </ClCompile>
    <ClCompile Include="..\..\engine\R_PART.C">
      <Filter>Source Files</Filter>
    </ClCompile>
    <ClCompile Include="..\..\engine\l_studio.c">
      <Filter>Source Files</Filter>
    </ClCompile>
    <ClCompile Include="..\..\engine\textures.c">
      <Filter>Source Files</Filter>
    </ClCompile>
    <ClCompile Include="..\..\engine\cdll_exp.c">
      <Filter>Source Files</Filter>
    </ClCompile>
    <ClCompile Include="..\..\engine\tmessage.c">
      <Filter>Source Files</Filter>
    </ClCompile>
    <ClCompile Include="..\..\engine\SND_MIX.C">
      <Filter>Source Files</Filter>
    </ClCompile>
    <ClCompile Include="..\..\engine\SND_MEM.C">
      <Filter>Source Files</Filter>
    </ClCompile>
    <ClCompile Include="..\..\engine\mathlib.c">
      <Filter>Source Files</Filter>
    </ClCompile>
    <ClCompile Include="..\..\engine\r_trans.c">
      <Filter>Source Files</Filter>
    </ClCompile>
    <ClCompile Include="..\..\engine\r_triangle.c">
      <Filter>Source Files</Filter>
    </ClCompile>
    <ClCompile Include="..\..\engine\VIEW.C">
      <Filter>Source Files</Filter>
    </ClCompile>
    <ClCompile Include="..\..\engine\world.c">
      <Filter>Source Files</Filter>
    </ClCompile>
    <ClCompile Include="..\..\engine\pmovetst.c">
      <Filter>Source Files</Filter>
    </ClCompile>
    <ClCompile Include="..\..\engine\sv_move.c">
      <Filter>Source Files</Filter>
    </ClCompile>
    <ClCompile Include="..\..\engine\SV_MAIN.C">
      <Filter>Source Files</Filter>
    </ClCompile>
    <ClCompile Include="..\..\engine\physics.c">
      <Filter>Source Files</Filter>
    </ClCompile>
    <ClCompile Include="..\..\engine\ha3d.cpp">
      <Filter>Source Files</Filter>
    </ClCompile>
    <ClCompile Include="..\..\engine\ha3dg.cpp">
      <Filter>Source Files</Filter>
    </ClCompile>
    <ClCompile Include="..\..\engine\cl_cam.c">
      <Filter>Source Files</Filter>
    </ClCompile>
    <ClCompile Include="..\..\engine\cl_input.c">
      <Filter>Source Files</Filter>
    </ClCompile>
    <ClCompile Include="..\..\engine\pr_edict.c">
      <Filter>Source Files</Filter>
    </ClCompile>
    <ClCompile Include="..\..\engine\r_studio.c">
      <Filter>Source Files</Filter>
    </ClCompile>
    <ClCompile Include="..\..\engine\sv_phys.c">
      <Filter>Source Files</Filter>
    </ClCompile>
    <ClCompile Include="..\..\engine\sv_upld.c">
      <Filter>Source Files</Filter>
    </ClCompile>
    <ClCompile Include="..\..\engine\sv_user.c">
      <Filter>Source Files</Filter>
    </ClCompile>
    <ClCompile Include="..\..\engine\draw.c">
      <Filter>Source Files</Filter>
    </ClCompile>
    <ClCompile Include="..\..\engine\R_MAIN.C">
      <Filter>Source Files</Filter>
    </ClCompile>
    <ClCompile Include="..\..\engine\R_LIGHT.C">
      <Filter>Source Files</Filter>
    </ClCompile>
    <ClCompile Include="..\..\engine\D_FILL.C">
      <Filter>Source Files</Filter>
    </ClCompile>
    <ClCompile Include="..\..\engine\R_BSP.C">
      <Filter>Source Files</Filter>
    </ClCompile>
    <ClCompile Include="..\..\engine\R_EFRAG.C">
      <Filter>Source Files</Filter>
    </ClCompile>
    <ClCompile Include="..\..\engine\D_PART.C">
      <Filter>Source Files</Filter>
    </ClCompile>
    <ClCompile Include="..\..\engine\model.c">
      <Filter>Source Files</Filter>
    </ClCompile>
    <ClCompile Include="..\..\engine\VID_WIN.C">
      <Filter>Source Files</Filter>
    </ClCompile>
    <ClCompile Include="..\..\engine\D_SURF.C">
      <Filter>Source Files</Filter>
    </ClCompile>
    <ClCompile Include="..\..\engine\r_alias.c">
      <Filter>Source Files</Filter>
    </ClCompile>
    <ClCompile Include="..\..\engine\D_INIT.C">
      <Filter>Source Files</Filter>
    </ClCompile>
    <ClCompile Include="..\..\engine\R_SKY.C">
      <Filter>Source Files</Filter>
    </ClCompile>
    <ClCompile Include="..\..\engine\R_DRAW.C">
      <Filter>Source Files</Filter>
    </ClCompile>
    <ClCompile Include="..\..\engine\R_MISC.C">
      <Filter>Source Files</Filter>
    </ClCompile>
    <ClCompile Include="..\..\engine\R_VARS.C">
      <Filter>Source Files</Filter>
    </ClCompile>
    <ClCompile Include="..\..\engine\D_VARS.C">
      <Filter>Source Files</Filter>
    </ClCompile>
    <ClCompile Include="..\..\engine\R_EDGE.C">
      <Filter>Source Files</Filter>
    </ClCompile>
    <ClCompile Include="..\..\engine\D_MODECH.C">
      <Filter>Source Files</Filter>
    </ClCompile>
    <ClCompile Include="..\..\engine\NONINTEL.C">
      <Filter>Source Files</Filter>
    </ClCompile>
    <ClCompile Include="..\..\engine\D_SPRITE.C">
      <Filter>Source Files</Filter>
    </ClCompile>
    <ClCompile Include="..\..\engine\R_SPRITE.C">
      <Filter>Source Files</Filter>
    </ClCompile>
    <ClCompile Include="..\..\engine\D_SCAN.C">
      <Filter>Source Files</Filter>
    </ClCompile>
    <ClCompile Include="..\..\engine\D_POLYSE.C">
      <Filter>Source Files</Filter>
    </ClCompile>
    <ClCompile Include="..\..\engine\D_EDGE.C">
      <Filter>Source Files</Filter>
    </ClCompile>
    <ClCompile Include="..\..\engine\D_ZPOINT.C">
      <Filter>Source Files</Filter>
    </ClCompile>
    <ClCompile Include="..\..\engine\R_ACLIP.C">
      <Filter>Source Files</Filter>
    </ClCompile>
    <ClCompile Include="..\..\engine\pe_win32.c">
      <Filter>Source Files</Filter>
    </ClCompile>
  </ItemGroup>
  <ItemGroup>
    <MASM Include="..\..\engine\sys_wina.asm">
      <Filter>Source Files</Filter>
    </MASM>
    <MASM Include="..\..\engine\snd_mixa.asm">
      <Filter>Source Files</Filter>
    </MASM>
    <MASM Include="..\..\engine\math.asm">
      <Filter>Source Files</Filter>
    </MASM>
    <MASM Include="..\..\engine\worlda.asm">
      <Filter>Source Files</Filter>
    </MASM>
    <MASM Include="..\..\engine\d_varsa.asm">
      <Filter>Source Files</Filter>
    </MASM>
    <MASM Include="..\..\engine\r_edgea.asm">
      <Filter>Source Files</Filter>
    </MASM>
    <MASM Include="..\..\engine\r_varsa.asm">
      <Filter>Source Files</Filter>
    </MASM>
    <MASM Include="..\..\engine\d_spr8.asm">
      <Filter>Source Files</Filter>
    </MASM>
    <MASM Include="..\..\engine\d_draw16.asm">
      <Filter>Source Files</Filter>
    </MASM>
    <MASM Include="..\..\engine\d_parta.asm">
      <Filter>Source Files</Filter>
    </MASM>
    <MASM Include="..\..\engine\d_draw.asm">
      <Filter>Source Files</Filter>
    </MASM>
    <MASM Include="..\..\engine\surf8.asm">
      <Filter>Source Files</Filter>
    </MASM>
    <MASM Include="..\..\engine\surf16.asm">
      <Filter>Source Files</Filter>
    </MASM>
    <MASM Include="..\..\engine\d_polysa.asm">
      <Filter>Source Files</Filter>
    </MASM>
    <MASM Include="..\..\engine\r_drawa.asm">
      <Filter>Source Files</Filter>
    </MASM>
    <MASM Include="..\..\engine\r_aclipa.asm">
      <Filter>Source Files</Filter>
    </MASM>
  </ItemGroup>
</Project>